
Microsoft Visual Studio Solution File, Format Version 12.00
# Visual Studio Version 17
VisualStudioVersion = 17.11.35312.102
MinimumVisualStudioVersion = 10.0.40219.1
Project("{9A19103F-16F7-4668-BE54-9A1E7A4F7556}") = "followings_service", "followings_service.csproj", "{F4CD93ED-E811-438B-AC81-E2267016746C}"
EndProject
Global
	GlobalSection(SolutionConfigurationPlatforms) = preSolution
		Debug|Any CPU = Debug|Any CPU
		Release|Any CPU = Release|Any CPU
	EndGlobalSection
	GlobalSection(ProjectConfigurationPlatforms) = postSolution
		{F4CD93ED-E811-438B-AC81-E2267016746C}.Debug|Any CPU.ActiveCfg = Debug|Any CPU
		{F4CD93ED-E811-438B-AC81-E2267016746C}.Debug|Any CPU.Build.0 = Debug|Any CPU
		{F4CD93ED-E811-438B-AC81-E2267016746C}.Release|Any CPU.ActiveCfg = Release|Any CPU
		{F4CD93ED-E811-438B-AC81-E2267016746C}.Release|Any CPU.Build.0 = Release|Any CPU
	EndGlobalSection
	GlobalSection(SolutionProperties) = preSolution
		HideSolutionNode = FALSE
	EndGlobalSection
	GlobalSection(ExtensibilityGlobals) = postSolution
		SolutionGuid = {1FFA50A6-7971-468E-929C-78D1EB553E89}
	EndGlobalSection
EndGlobal
